
Microsoft Visual Studio Solution File, Format Version 12.00
# Visual Studio Version 16
VisualStudioVersion = 16.0.31005.135
MinimumVisualStudioVersion = 10.0.40219.1
Project("{FAE04EC0-301F-11D3-BF4B-00C04F79EFBC}") = "LR4_2", "LR4_2.csproj", "{A30B9497-5911-495B-A302-BB3348C8E128}"
EndProject
Global
	GlobalSection(SolutionConfigurationPlatforms) = preSolution
		Debug|Any CPU = Debug|Any CPU
		Release|Any CPU = Release|Any CPU
	EndGlobalSection
	GlobalSection(ProjectConfigurationPlatforms) = postSolution
		{A30B9497-5911-495B-A302-BB3348C8E128}.Debug|Any CPU.ActiveCfg = Debug|Any CPU
		{A30B9497-5911-495B-A302-BB3348C8E128}.Debug|Any CPU.Build.0 = Debug|Any CPU
		{A30B9497-5911-495B-A302-BB3348C8E128}.Release|Any CPU.ActiveCfg = Release|Any CPU
		{A30B9497-5911-495B-A302-BB3348C8E128}.Release|Any CPU.Build.0 = Release|Any CPU
	EndGlobalSection
	GlobalSection(SolutionProperties) = preSolution
		HideSolutionNode = FALSE
	EndGlobalSection
	GlobalSection(ExtensibilityGlobals) = postSolution
		SolutionGuid = {8EDFF2C9-A9A4-45D2-B51C-7CF1B6E801A9}
	EndGlobalSection
EndGlobal
