
Microsoft Visual Studio Solution File, Format Version 12.00
# Visual Studio Version 16
VisualStudioVersion = 16.0.31005.135
MinimumVisualStudioVersion = 10.0.40219.1
Project("{FAE04EC0-301F-11D3-BF4B-00C04F79EFBC}") = "LR3", "LR3.csproj", "{E87C393A-4516-4C48-9E1D-8D11DED12516}"
EndProject
Global
	GlobalSection(SolutionConfigurationPlatforms) = preSolution
		Debug|Any CPU = Debug|Any CPU
		Release|Any CPU = Release|Any CPU
	EndGlobalSection
	GlobalSection(ProjectConfigurationPlatforms) = postSolution
		{E87C393A-4516-4C48-9E1D-8D11DED12516}.Debug|Any CPU.ActiveCfg = Debug|Any CPU
		{E87C393A-4516-4C48-9E1D-8D11DED12516}.Debug|Any CPU.Build.0 = Debug|Any CPU
		{E87C393A-4516-4C48-9E1D-8D11DED12516}.Release|Any CPU.ActiveCfg = Release|Any CPU
		{E87C393A-4516-4C48-9E1D-8D11DED12516}.Release|Any CPU.Build.0 = Release|Any CPU
	EndGlobalSection
	GlobalSection(SolutionProperties) = preSolution
		HideSolutionNode = FALSE
	EndGlobalSection
	GlobalSection(ExtensibilityGlobals) = postSolution
		SolutionGuid = {E37EEA41-6FA3-49AE-B37A-993A20C7906B}
	EndGlobalSection
EndGlobal
